{
  "name": "chat-copilot",
  "lockfileVersion": 3,
  "requires": true,
  "packages": {
    "": {
      "dependencies": {
        "@fluentui/font-icons-mdl2": "^8.5.56",
        "@fluentui/react": "^8.122.1"
      }
    },
    "node_modules/@fluentui/date-time-utilities": {
      "version": "8.6.9",
      "resolved": "https://registry.npmjs.org/@fluentui/date-time-utilities/-/date-time-utilities-8.6.9.tgz",
      "integrity": "sha512-dgOlVm4nXBWDLqijmvn4iAtyv1hVpQZjN6p0So74BW+7ASUTkQGe3lf8PHV/OjBiXfZa4qwONvmTQBGCheNU0w==",
      "license": "MIT",
      "dependencies": {
        "@fluentui/set-version": "^8.2.23",
        "tslib": "^2.1.0"
      }
    },
    "node_modules/@fluentui/dom-utilities": {
      "version": "2.3.9",
      "resolved": "https://registry.npmjs.org/@fluentui/dom-utilities/-/dom-utilities-2.3.9.tgz",
      "integrity": "sha512-8PPzv31VXnyMvZrzK7iSGPRx8piJjas0xV+qaNQ1tzAXHuTaLXPeADJK/gEDH1XA/e9Vaakb3lPUpRVa8tal+w==",
      "license": "MIT",
      "dependencies": {
        "@fluentui/set-version": "^8.2.23",
        "tslib": "^2.1.0"
      }
    },
    "node_modules/@fluentui/font-icons-mdl2": {
      "version": "8.5.56",
      "resolved": "https://registry.npmjs.org/@fluentui/font-icons-mdl2/-/font-icons-mdl2-8.5.56.tgz",
      "integrity": "sha512-8U2k68O9kjckXxL3ogYB8zidwslbnc7Xj3RoiGToJNDNkCWRiSBzpKQv2TGVWTY4C3+iDmWW2ars1VK0jpTbEw==",
      "license": "MIT",
      "dependencies": {
        "@fluentui/set-version": "^8.2.23",
        "@fluentui/style-utilities": "^8.11.5",
        "@fluentui/utilities": "^8.15.19",
        "tslib": "^2.1.0"
      }
    },
    "node_modules/@fluentui/foundation-legacy": {
      "version": "8.4.22",
      "resolved": "https://registry.npmjs.org/@fluentui/foundation-legacy/-/foundation-legacy-8.4.22.tgz",
      "integrity": "sha512-TOoWd0Zoam0fuvsGSPvfXYmo7LgnDaDlIOIaIPUOaoane+XoEyefzWz62+p5iPW3ZA6s/Ho4D6KQBcttpScKJA==",
      "license": "MIT",
      "dependencies": {
        "@fluentui/merge-styles": "^8.6.13",
        "@fluentui/set-version": "^8.2.23",
        "@fluentui/style-utilities": "^8.11.5",
        "@fluentui/utilities": "^8.15.19",
        "tslib": "^2.1.0"
      },
      "peerDependencies": {
        "@types/react": ">=16.8.0 <19.0.0",
        "react": ">=16.8.0 <19.0.0"
      }
    },
    "node_modules/@fluentui/keyboard-key": {
      "version": "0.4.23",
      "resolved": "https://registry.npmjs.org/@fluentui/keyboard-key/-/keyboard-key-0.4.23.tgz",
      "integrity": "sha512-9GXeyUqNJUdg5JiQUZeGPiKnRzMRi9YEUn1l9zq6X/imYdMhxHrxpVZS12129cBfgvPyxt9ceJpywSfmLWqlKA==",
      "license": "MIT",
      "dependencies": {
        "tslib": "^2.1.0"
      }
    },
    "node_modules/@fluentui/merge-styles": {
      "version": "8.6.13",
      "resolved": "https://registry.npmjs.org/@fluentui/merge-styles/-/merge-styles-8.6.13.tgz",
      "integrity": "sha512-IWgvi2CC+mcQ7/YlCvRjsmHL2+PUz7q+Pa2Rqk3a+QHN0V1uBvgIbKk5y/Y/awwDXy1yJHiqMCcDHjBNmS1d4A==",
      "license": "MIT",
      "dependencies": {
        "@fluentui/set-version": "^8.2.23",
        "tslib": "^2.1.0"
      }
    },
    "node_modules/@fluentui/react": {
      "version": "8.122.1",
      "resolved": "https://registry.npmjs.org/@fluentui/react/-/react-8.122.1.tgz",
      "integrity": "sha512-mH2TDCiVmj6Zly0iU9GfR824ZM2RIeKjuB0LnAmIWyvtaAVAUfmYtQFF/ZKDJC6jXoF7as8vyVmTxhDt9wQsDw==",
      "license": "MIT",
      "dependencies": {
        "@fluentui/date-time-utilities": "^8.6.9",
        "@fluentui/font-icons-mdl2": "^8.5.56",
        "@fluentui/foundation-legacy": "^8.4.22",
        "@fluentui/merge-styles": "^8.6.13",
        "@fluentui/react-focus": "^8.9.19",
        "@fluentui/react-hooks": "^8.8.16",
        "@fluentui/react-portal-compat-context": "^9.0.13",
        "@fluentui/react-window-provider": "^2.2.28",
        "@fluentui/set-version": "^8.2.23",
        "@fluentui/style-utilities": "^8.11.5",
        "@fluentui/theme": "^2.6.63",
        "@fluentui/utilities": "^8.15.19",
        "@microsoft/load-themed-styles": "^1.10.26",
        "tslib": "^2.1.0"
      },
      "peerDependencies": {
        "@types/react": ">=16.8.0 <19.0.0",
        "@types/react-dom": ">=16.8.0 <19.0.0",
        "react": ">=16.8.0 <19.0.0",
        "react-dom": ">=16.8.0 <19.0.0"
      }
    },
    "node_modules/@fluentui/react-focus": {
      "version": "8.9.19",
      "resolved": "https://registry.npmjs.org/@fluentui/react-focus/-/react-focus-8.9.19.tgz",
      "integrity": "sha512-nTPqsZnBLcFLPxapNNN7VIJ0PfwVLDhWPJHSgXkaRLQFe6NAnPQ85NQepCx5usL2XmsJe0i2WdwJVSWZDDeM3g==",
      "license": "MIT",
      "dependencies": {
        "@fluentui/keyboard-key": "^0.4.23",
        "@fluentui/merge-styles": "^8.6.13",
        "@fluentui/set-version": "^8.2.23",
        "@fluentui/style-utilities": "^8.11.5",
        "@fluentui/utilities": "^8.15.19",
        "tslib": "^2.1.0"
      },
      "peerDependencies": {
        "@types/react": ">=16.8.0 <19.0.0",
        "react": ">=16.8.0 <19.0.0"
      }
    },
    "node_modules/@fluentui/react-hooks": {
      "version": "8.8.16",
      "resolved": "https://registry.npmjs.org/@fluentui/react-hooks/-/react-hooks-8.8.16.tgz",
      "integrity": "sha512-PQ1BeOp+99mdO0g7j6QLtChfXG1LxXeHG0q5CtUeD1OUGR+vUDK84h60sw7e7qU9sSmvPmHO7jn69Lg3CS+DXw==",
      "license": "MIT",
      "dependencies": {
        "@fluentui/react-window-provider": "^2.2.28",
        "@fluentui/set-version": "^8.2.23",
        "@fluentui/utilities": "^8.15.19",
        "tslib": "^2.1.0"
      },
      "peerDependencies": {
        "@types/react": ">=16.8.0 <19.0.0",
        "react": ">=16.8.0 <19.0.0"
      }
    },
    "node_modules/@fluentui/react-portal-compat-context": {
      "version": "9.0.13",
      "resolved": "https://registry.npmjs.org/@fluentui/react-portal-compat-context/-/react-portal-compat-context-9.0.13.tgz",
      "integrity": "sha512-N+c6Qs775jnr/4WIzsQuNaRu4v16fa+gGsOCzzU1bqxX0IR9BSjjO2oLGC6luaAOqlQP+JIwn/aumOIJICKXkA==",
      "license": "MIT",
      "dependencies": {
        "@swc/helpers": "^0.5.1"
      },
      "peerDependencies": {
        "@types/react": ">=16.14.0 <19.0.0",
        "react": ">=16.14.0 <19.0.0"
      }
    },
    "node_modules/@fluentui/react-window-provider": {
      "version": "2.2.28",
      "resolved": "https://registry.npmjs.org/@fluentui/react-window-provider/-/react-window-provider-2.2.28.tgz",
      "integrity": "sha512-YdZ74HTaoDwlvLDzoBST80/17ExIl93tLJpTxnqK5jlJOAUVQ+mxLPF2HQEJq+SZr5IMXHsQ56w/KaZVRn72YA==",
      "license": "MIT",
      "dependencies": {
        "@fluentui/set-version": "^8.2.23",
        "tslib": "^2.1.0"
      },
      "peerDependencies": {
        "@types/react": ">=16.8.0 <19.0.0",
        "react": ">=16.8.0 <19.0.0"
      }
    },
    "node_modules/@fluentui/set-version": {
      "version": "8.2.23",
      "resolved": "https://registry.npmjs.org/@fluentui/set-version/-/set-version-8.2.23.tgz",
      "integrity": "sha512-VPXaBsiaa3Xn/AY40nLU9bvDQ62lpMVnFzFTlQ8CbpdwrjxNlRxDUY5vRToNzp1+Zu5gD/+CgsXqIZGcry5L5w==",
      "license": "MIT",
      "dependencies": {
        "tslib": "^2.1.0"
      }
    },
    "node_modules/@fluentui/style-utilities": {
      "version": "8.11.5",
      "resolved": "https://registry.npmjs.org/@fluentui/style-utilities/-/style-utilities-8.11.5.tgz",
      "integrity": "sha512-uzauiguDkurPAe5VsVPgRC9+0f8qptvL9NemVeaymJqnf0fYTqA/h/+638eJDySkdRwLzF20Q80xh+dlFOaLAA==",
      "license": "MIT",
      "dependencies": {
        "@fluentui/merge-styles": "^8.6.13",
        "@fluentui/set-version": "^8.2.23",
        "@fluentui/theme": "^2.6.63",
        "@fluentui/utilities": "^8.15.19",
        "@microsoft/load-themed-styles": "^1.10.26",
        "tslib": "^2.1.0"
      }
    },
    "node_modules/@fluentui/theme": {
      "version": "2.6.63",
      "resolved": "https://registry.npmjs.org/@fluentui/theme/-/theme-2.6.63.tgz",
      "integrity": "sha512-BZ+YG4Vqb+ulhmZzDv8yZFuYo2kHp1m2cttBZLkc+61FnrwCaDBmJxwg65gXoF7wwXKh2qJIcJueSLMmvVyAOQ==",
      "license": "MIT",
      "dependencies": {
        "@fluentui/merge-styles": "^8.6.13",
        "@fluentui/set-version": "^8.2.23",
        "@fluentui/utilities": "^8.15.19",
        "tslib": "^2.1.0"
      },
      "peerDependencies": {
        "@types/react": ">=16.8.0 <19.0.0",
        "react": ">=16.8.0 <19.0.0"
      }
    },
    "node_modules/@fluentui/utilities": {
      "version": "8.15.19",
      "resolved": "https://registry.npmjs.org/@fluentui/utilities/-/utilities-8.15.19.tgz",
      "integrity": "sha512-20WoYz0wW7pkmur+7qxTwRfvkdAnHfylLdCYSm91WLupb0cwQ1wWZWIuyo+e0cjcvem1T9TC1+NjWs0kavTWBg==",
      "license": "MIT",
      "dependencies": {
        "@fluentui/dom-utilities": "^2.3.9",
        "@fluentui/merge-styles": "^8.6.13",
        "@fluentui/react-window-provider": "^2.2.28",
        "@fluentui/set-version": "^8.2.23",
        "tslib": "^2.1.0"
      },
      "peerDependencies": {
        "@types/react": ">=16.8.0 <19.0.0",
        "react": ">=16.8.0 <19.0.0"
      }
    },
    "node_modules/@microsoft/load-themed-styles": {
      "version": "1.10.295",
      "resolved": "https://registry.npmjs.org/@microsoft/load-themed-styles/-/load-themed-styles-1.10.295.tgz",
      "integrity": "sha512-W+IzEBw8a6LOOfRJM02dTT7BDZijxm+Z7lhtOAz1+y9vQm1Kdz9jlAO+qCEKsfxtUOmKilW8DIRqFw2aUgKeGg==",
      "license": "MIT"
    },
    "node_modules/@swc/helpers": {
      "version": "0.5.15",
      "resolved": "https://registry.npmjs.org/@swc/helpers/-/helpers-0.5.15.tgz",
      "integrity": "sha512-JQ5TuMi45Owi4/BIMAJBoSQoOJu12oOk/gADqlcUL9JEdHB8vyjUSsxqeNXnmXHjYKMi2WcYtezGEEhqUI/E2g==",
      "license": "Apache-2.0",
      "dependencies": {
        "tslib": "^2.8.0"
      }
    },
    "node_modules/tslib": {
      "version": "2.8.1",
      "resolved": "https://registry.npmjs.org/tslib/-/tslib-2.8.1.tgz",
      "integrity": "sha512-oJFu94HQb+KVduSUQL7wnpmqnfmLsOA/nAh6b6EH0wCEoK0/mPeXU6c3wKDV83MkOuHPRHtSXKKU99IBazS/2w==",
      "license": "0BSD"
    }
  }
}
